PODS:
  - ZHHRootNavigationController (0.0.1)

DEPENDENCIES:
  - ZHHRootNavigationController (from `../`)

EXTERNAL SOURCES:
  ZHHRootNavigationController:
    :path: "../"

SPEC CHECKSUMS:
  ZHHRootNavigationController: 89e90ebeed11b35c561989e82a9064b6564e0902

PODFILE CHECKSUM: b4fa48aa1d5e00ee7fd0c46d6ad2bbed49ce606d

COCOAPODS: 1.16.2
